
Microsoft Visual Studio Solution File, Format Version 12.00
# Visual Studio Version 17
VisualStudioVersion = 17.4.33213.308
MinimumVisualStudioVersion = 10.0.40219.1
Project("{FAE04EC0-301F-11D3-BF4B-00C04F79EFBC}") = "SirenaTravel.TestTask.Api", "SirenaTravel.TestTask.Api\SirenaTravel.TestTask.Api.csproj", "{BC7590DC-9C45-48EF-A4E6-FBDA7935F59C}"
EndProject
Project("{FAE04EC0-301F-11D3-BF4B-00C04F79EFBC}") = "SirenaTravel.TestTask.Domain", "SirenaTravel.TestTask.Domain\SirenaTravel.TestTask.Domain.csproj", "{E33AB785-C275-4EDB-AB12-9374E26712FD}"
EndProject
Project("{FAE04EC0-301F-11D3-BF4B-00C04F79EFBC}") = "SirenaTravel.TestTask.Application", "SirenaTravel.TestTask.Application\SirenaTravel.TestTask.Application.csproj", "{8C46B603-0136-4E6C-BDA7-FDC5EA84A9C4}"
EndProject
Project("{FAE04EC0-301F-11D3-BF4B-00C04F79EFBC}") = "SirenaTravel.TestTask.Infrastructure", "SirenaTravel.TestTask.Infrastructure\SirenaTravel.TestTask.Infrastructure.csproj", "{0A3E4389-DA3B-4936-A407-82213842FC3B}"
EndProject
Project("{FAE04EC0-301F-11D3-BF4B-00C04F79EFBC}") = "SirenaTravel.TestTask.Tests", "SirenaTravel.TestTask.Tests\SirenaTravel.TestTask.Tests.csproj", "{C6AA1071-861E-4B2F-A269-16953855FE3B}"
EndProject
Project("{FAE04EC0-301F-11D3-BF4B-00C04F79EFBC}") = "SirenaTravel.TestTask.Persistence", "SirenaTravel.TestTask.Persistence\SirenaTravel.TestTask.Persistence.csproj", "{517E1968-6477-4E0E-8042-A000E53539BD}"
EndProject
Global
	GlobalSection(SolutionConfigurationPlatforms) = preSolution
		Debug|Any CPU = Debug|Any CPU
		Release|Any CPU = Release|Any CPU
	EndGlobalSection
	GlobalSection(ProjectConfigurationPlatforms) = postSolution
		{BC7590DC-9C45-48EF-A4E6-FBDA7935F59C}.Debug|Any CPU.ActiveCfg = Debug|Any CPU
		{BC7590DC-9C45-48EF-A4E6-FBDA7935F59C}.Debug|Any CPU.Build.0 = Debug|Any CPU
		{BC7590DC-9C45-48EF-A4E6-FBDA7935F59C}.Release|Any CPU.ActiveCfg = Release|Any CPU
		{BC7590DC-9C45-48EF-A4E6-FBDA7935F59C}.Release|Any CPU.Build.0 = Release|Any CPU
		{E33AB785-C275-4EDB-AB12-9374E26712FD}.Debug|Any CPU.ActiveCfg = Debug|Any CPU
		{E33AB785-C275-4EDB-AB12-9374E26712FD}.Debug|Any CPU.Build.0 = Debug|Any CPU
		{E33AB785-C275-4EDB-AB12-9374E26712FD}.Release|Any CPU.ActiveCfg = Release|Any CPU
		{E33AB785-C275-4EDB-AB12-9374E26712FD}.Release|Any CPU.Build.0 = Release|Any CPU
		{8C46B603-0136-4E6C-BDA7-FDC5EA84A9C4}.Debug|Any CPU.ActiveCfg = Debug|Any CPU
		{8C46B603-0136-4E6C-BDA7-FDC5EA84A9C4}.Debug|Any CPU.Build.0 = Debug|Any CPU
		{8C46B603-0136-4E6C-BDA7-FDC5EA84A9C4}.Release|Any CPU.ActiveCfg = Release|Any CPU
		{8C46B603-0136-4E6C-BDA7-FDC5EA84A9C4}.Release|Any CPU.Build.0 = Release|Any CPU
		{0A3E4389-DA3B-4936-A407-82213842FC3B}.Debug|Any CPU.ActiveCfg = Debug|Any CPU
		{0A3E4389-DA3B-4936-A407-82213842FC3B}.Debug|Any CPU.Build.0 = Debug|Any CPU
		{0A3E4389-DA3B-4936-A407-82213842FC3B}.Release|Any CPU.ActiveCfg = Release|Any CPU
		{0A3E4389-DA3B-4936-A407-82213842FC3B}.Release|Any CPU.Build.0 = Release|Any CPU
		{C6AA1071-861E-4B2F-A269-16953855FE3B}.Debug|Any CPU.ActiveCfg = Debug|Any CPU
		{C6AA1071-861E-4B2F-A269-16953855FE3B}.Debug|Any CPU.Build.0 = Debug|Any CPU
		{C6AA1071-861E-4B2F-A269-16953855FE3B}.Release|Any CPU.ActiveCfg = Release|Any CPU
		{C6AA1071-861E-4B2F-A269-16953855FE3B}.Release|Any CPU.Build.0 = Release|Any CPU
		{517E1968-6477-4E0E-8042-A000E53539BD}.Debug|Any CPU.ActiveCfg = Debug|Any CPU
		{517E1968-6477-4E0E-8042-A000E53539BD}.Debug|Any CPU.Build.0 = Debug|Any CPU
		{517E1968-6477-4E0E-8042-A000E53539BD}.Release|Any CPU.ActiveCfg = Release|Any CPU
		{517E1968-6477-4E0E-8042-A000E53539BD}.Release|Any CPU.Build.0 = Release|Any CPU
	EndGlobalSection
	GlobalSection(SolutionProperties) = preSolution
		HideSolutionNode = FALSE
	EndGlobalSection
	GlobalSection(ExtensibilityGlobals) = postSolution
		SolutionGuid = {AEA098FE-3644-454E-90DB-82ED6F3D312B}
	EndGlobalSection
EndGlobal
